
Microsoft Visual Studio Solution File, Format Version 12.00
# Visual Studio 15
VisualStudioVersion = 15.0.28307.136
MinimumVisualStudioVersion = 10.0.40219.1
Project("{FAE04EC0-301F-11D3-BF4B-00C04F79EFBC}") = "Decimal", "Decimal\Decimal.csproj", "{C1FD8DD4-160D-47F9-BA0E-8F7E51ACB81A}"
EndProject
Global
	GlobalSection(SolutionConfigurationPlatforms) = preSolution
		Debug|Any CPU = Debug|Any CPU
		Release|Any CPU = Release|Any CPU
	EndGlobalSection
	GlobalSection(ProjectConfigurationPlatforms) = postSolution
		{C1FD8DD4-160D-47F9-BA0E-8F7E51ACB81A}.Debug|Any CPU.ActiveCfg = Debug|Any CPU
		{C1FD8DD4-160D-47F9-BA0E-8F7E51ACB81A}.Debug|Any CPU.Build.0 = Debug|Any CPU
		{C1FD8DD4-160D-47F9-BA0E-8F7E51ACB81A}.Release|Any CPU.ActiveCfg = Release|Any CPU
		{C1FD8DD4-160D-47F9-BA0E-8F7E51ACB81A}.Release|Any CPU.Build.0 = Release|Any CPU
	EndGlobalSection
	GlobalSection(SolutionProperties) = preSolution
		HideSolutionNode = FALSE
	EndGlobalSection
	GlobalSection(ExtensibilityGlobals) = postSolution
		SolutionGuid = {FF00FA4B-64D8-4CE7-9048-8793DFB46F3C}
	EndGlobalSection
EndGlobal
